// !$*UTF8*$!
{
	archiveVersion = 1;
	classes = {
	};
	objectVersion = 50;
	objects = {

/* Begin PBXBuildFile section */
		4EC5FA3F21917DB6002E4723 /* OverviewViewController.swift in Sources */ = {isa = PBXBuildFile; fileRef = 4EC5FA3E21917DB6002E4723 /* OverviewViewController.swift */; };
		4EC5FA41219180D4002E4723 /* LocationOverview.swift in Sources */ = {isa = PBXBuildFile; fileRef = 4EC5FA40219180D4002E4723 /* LocationOverview.swift */; };
		4EC5FA43219181B7002E4723 /* LocationOverviewTableViewCell.swift in Sources */ = {isa = PBXBuildFile; fileRef = 4EC5FA42219181B7002E4723 /* LocationOverviewTableViewCell.swift */; };
		75FF90E2219AB680008684C2 /* DatabaseHandler.swift in Sources */ = {isa = PBXBuildFile; fileRef = 75FF90E1219AB680008684C2 /* DatabaseHandler.swift */; };
		D11A4F10219167E300286879 /* AppDelegate.swift in Sources */ = {isa = PBXBuildFile; fileRef = D11A4F0F219167E300286879 /* AppDelegate.swift */; };
		D11A4F12219167E300286879 /* ViewController.swift in Sources */ = {isa = PBXBuildFile; fileRef = D11A4F11219167E300286879 /* ViewController.swift */; };
		D11A4F15219167E300286879 /* Main.storyboard in Resources */ = {isa = PBXBuildFile; fileRef = D11A4F13219167E300286879 /* Main.storyboard */; };
		D11A4F17219167E400286879 /* Assets.xcassets in Resources */ = {isa = PBXBuildFile; fileRef = D11A4F16219167E400286879 /* Assets.xcassets */; };
		D11A4F1A219167E400286879 /* LaunchScreen.storyboard in Resources */ = {isa = PBXBuildFile; fileRef = D11A4F18219167E400286879 /* LaunchScreen.storyboard */; };
		D11A4F222191937400286879 /* ApiHandler.swift in Sources */ = {isa = PBXBuildFile; fileRef = D11A4F212191937400286879 /* ApiHandler.swift */; };
/* End PBXBuildFile section */

/* Begin PBXFileReference section */
		4EC5FA3E21917DB6002E4723 /* OverviewViewController.swift */ = {isa = PBXFileReference; lastKnownFileType = sourcecode.swift; path = OverviewViewController.swift; sourceTree = "<group>"; };
		4EC5FA40219180D4002E4723 /* LocationOverview.swift */ = {isa = PBXFileReference; lastKnownFileType = sourcecode.swift; path = LocationOverview.swift; sourceTree = "<group>"; };
		4EC5FA42219181B7002E4723 /* LocationOverviewTableViewCell.swift */ = {isa = PBXFileReference; lastKnownFileType = sourcecode.swift; path = LocationOverviewTableViewCell.swift; sourceTree = "<group>"; };
		75FF90E1219AB680008684C2 /* DatabaseHandler.swift */ = {isa = PBXFileReference; lastKnownFileType = sourcecode.swift; path = DatabaseHandler.swift; sourceTree = "<group>"; };
		D11A4F0C219167E300286879 /* BetterWeather.app */ = {isa = PBXFileReference; explicitFileType = wrapper.application; includeInIndex = 0; path = BetterWeather.app; sourceTree = BUILT_PRODUCTS_DIR; };
		D11A4F0F219167E300286879 /* AppDelegate.swift */ = {isa = PBXFileReference; lastKnownFileType = sourcecode.swift; path = AppDelegate.swift; sourceTree = "<group>"; };
		D11A4F11219167E300286879 /* ViewController.swift */ = {isa = PBXFileReference; lastKnownFileType = sourcecode.swift; path = ViewController.swift; sourceTree = "<group>"; };
		D11A4F14219167E300286879 /* Base */ = {isa = PBXFileReference; lastKnownFileType = file.storyboard; name = Base; path = Base.lproj/Main.storyboard; sourceTree = "<group>"; };
		D11A4F16219167E400286879 /* Assets.xcassets */ = {isa = PBXFileReference; lastKnownFileType = folder.assetcatalog; path = Assets.xcassets; sourceTree = "<group>"; };
		D11A4F19219167E400286879 /* Base */ = {isa = PBXFileReference; lastKnownFileType = file.storyboard; name = Base; path = Base.lproj/LaunchScreen.storyboard; sourceTree = "<group>"; };
		D11A4F1B219167E400286879 /* Info.plist */ = {isa = PBXFileReference; lastKnownFileType = text.plist.xml; path = Info.plist; sourceTree = "<group>"; };
		D11A4F212191937400286879 /* ApiHandler.swift */ = {isa = PBXFileReference; lastKnownFileType = sourcecode.swift; path = ApiHandler.swift; sourceTree = "<group>"; };
/* End PBXFileReference section */

/* Begin PBXFrameworksBuildPhase section */
		D11A4F09219167E300286879 /* Frameworks */ = {
			isa = PBXFrameworksBuildPhase;
			buildActionMask = 2147483647;
			files = (
			);
			runOnlyForDeploymentPostprocessing = 0;
		};
/* End PBXFrameworksBuildPhase section */

/* Begin PBXGroup section */
		75FF90E0219AB629008684C2 /* DatabaseHandler */ = {
			isa = PBXGroup;
			children = (
				75FF90E1219AB680008684C2 /* DatabaseHandler.swift */,
			);
			path = DatabaseHandler;
			sourceTree = "<group>";
		};
		D11A4F03219167E300286879 = {
			isa = PBXGroup;
			children = (
				D11A4F0E219167E300286879 /* BetterWeather */,
				D11A4F0D219167E300286879 /* Products */,
			);
			sourceTree = "<group>";
		};
		D11A4F0D219167E300286879 /* Products */ = {
			isa = PBXGroup;
			children = (
				D11A4F0C219167E300286879 /* BetterWeather.app */,
			);
			name = Products;
			sourceTree = "<group>";
		};
		D11A4F0E219167E300286879 /* BetterWeather */ = {
			isa = PBXGroup;
			children = (
				75FF90E0219AB629008684C2 /* DatabaseHandler */,
				D11A4F232191938200286879 /* ApiHandler */,
				D11A4F0F219167E300286879 /* AppDelegate.swift */,
				D11A4F11219167E300286879 /* ViewController.swift */,
				D11A4F13219167E300286879 /* Main.storyboard */,
				D11A4F16219167E400286879 /* Assets.xcassets */,
				D11A4F18219167E400286879 /* LaunchScreen.storyboard */,
				D11A4F1B219167E400286879 /* Info.plist */,
				4EC5FA3E21917DB6002E4723 /* OverviewViewController.swift */,
				4EC5FA40219180D4002E4723 /* LocationOverview.swift */,
				4EC5FA42219181B7002E4723 /* LocationOverviewTableViewCell.swift */,
			);
			path = BetterWeather;
			sourceTree = "<group>";
		};
		D11A4F232191938200286879 /* ApiHandler */ = {
			isa = PBXGroup;
			children = (
				D11A4F212191937400286879 /* ApiHandler.swift */,
			);
			path = ApiHandler;
			sourceTree = "<group>";
		};
/* End PBXGroup section */

/* Begin PBXNativeTarget section */
		D11A4F0B219167E300286879 /* BetterWeather */ = {
			isa = PBXNativeTarget;
			buildConfigurationList = D11A4F1E219167E400286879 /* Build configuration list for PBXNativeTarget "BetterWeather" */;
			buildPhases = (
				D11A4F08219167E300286879 /* Sources */,
				D11A4F09219167E300286879 /* Frameworks */,
				D11A4F0A219167E300286879 /* Resources */,
			);
			buildRules = (
			);
			dependencies = (
			);
			name = BetterWeather;
			productName = BetterWeather;
			productReference = D11A4F0C219167E300286879 /* BetterWeather.app */;
			productType = "com.apple.product-type.application";
		};
/* End PBXNativeTarget section */

/* Begin PBXProject section */
		D11A4F04219167E300286879 /* Project object */ = {
			isa = PBXProject;
			attributes = {
				LastSwiftUpdateCheck = 1010;
				LastUpgradeCheck = 1010;
				ORGANIZATIONNAME = "Jonatan Flyckt, Filip Andersson, Simon Arvidson, Marcus Gullstrand";
				TargetAttributes = {
					D11A4F0B219167E300286879 = {
						CreatedOnToolsVersion = 10.1;
					};
				};
			};
			buildConfigurationList = D11A4F07219167E300286879 /* Build configuration list for PBXProject "BetterWeather" */;
			compatibilityVersion = "Xcode 9.3";
			developmentRegion = en;
			hasScannedForEncodings = 0;
			knownRegions = (
				en,
				Base,
			);
			mainGroup = D11A4F03219167E300286879;
			productRefGroup = D11A4F0D219167E300286879 /* Products */;
			projectDirPath = "";
			projectRoot = "";
			targets = (
				D11A4F0B219167E300286879 /* BetterWeather */,
			);
		};
/* End PBXProject section */

/* Begin PBXResourcesBuildPhase section */
		D11A4F0A219167E300286879 /* Resources */ = {
			isa = PBXResourcesBuildPhase;
			buildActionMask = 2147483647;
			files = (
				D11A4F1A219167E400286879 /* LaunchScreen.storyboard in Resources */,
				D11A4F17219167E400286879 /* Assets.xcassets in Resources */,
				D11A4F15219167E300286879 /* Main.storyboard in Resources */,
			);
			runOnlyForDeploymentPostprocessing = 0;
		};
/* End PBXResourcesBuildPhase section */

/* Begin PBXSourcesBuildPhase section */
		D11A4F08219167E300286879 /* Sources */ = {
			isa = PBXSourcesBuildPhase;
			buildActionMask = 2147483647;
			files = (
				D11A4F12219167E300286879 /* ViewController.swift in Sources */,
				75FF90E2219AB680008684C2 /* DatabaseHandler.swift in Sources */,
				D11A4F222191937400286879 /* ApiHandler.swift in Sources */,
				4EC5FA41219180D4002E4723 /* LocationOverview.swift in Sources */,
				D11A4F10219167E300286879 /* AppDelegate.swift in Sources */,
				4EC5FA43219181B7002E4723 /* LocationOverviewTableViewCell.swift in Sources */,
				4EC5FA3F21917DB6002E4723 /* OverviewViewController.swift in Sources */,
			);
			runOnlyForDeploymentPostprocessing = 0;
		};
/* End PBXSourcesBuildPhase section */

/* Begin PBXVariantGroup section */
		D11A4F13219167E300286879 /* Main.storyboard */ = {
			isa = PBXVariantGroup;
			children = (
				D11A4F14219167E300286879 /* Base */,
			);
			name = Main.storyboard;
			sourceTree = "<group>";
		};
		D11A4F18219167E400286879 /* LaunchScreen.storyboard */ = {
			isa = PBXVariantGroup;
			children = (
				D11A4F19219167E400286879 /* Base */,
			);
			name = LaunchScreen.storyboard;
			sourceTree = "<group>";
		};
/* End PBXVariantGroup section */

/* Begin XCBuildConfiguration section */
		D11A4F1C219167E400286879 /* Debug */ = {
			isa = XCBuildConfiguration;
			buildSettings = {
				ALWAYS_SEARCH_USER_PATHS = NO;
				CLANG_ANALYZER_NONNULL = YES;
				CLANG_ANALYZER_NUMBER_OBJECT_CONVERSION = YES_AGGRESSIVE;
				CLANG_CXX_LANGUAGE_STANDARD = "gnu++14";
				CLANG_CXX_LIBRARY = "libc++";
				CLANG_ENABLE_MODULES = YES;
				CLANG_ENABLE_OBJC_ARC = YES;
				CLANG_ENABLE_OBJC_WEAK = YES;
				CLANG_WARN_BLOCK_CAPTURE_AUTORELEASING = YES;
				CLANG_WARN_BOOL_CONVERSION = YES;
				CLANG_WARN_COMMA = YES;
				CLANG_WARN_CONSTANT_CONVERSION = YES;
				CLANG_WARN_DEPRECATED_OBJC_IMPLEMENTATIONS = YES;
				CLANG_WARN_DIRECT_OBJC_ISA_USAGE = YES_ERROR;
				CLANG_WARN_DOCUMENTATION_COMMENTS = YES;
				CLANG_WARN_EMPTY_BODY = YES;
				CLANG_WARN_ENUM_CONVERSION = YES;
				CLANG_WARN_INFINITE_RECURSION = YES;
				CLANG_WARN_INT_CONVERSION = YES;
				CLANG_WARN_NON_LITERAL_NULL_CONVERSION = YES;
				CLANG_WARN_OBJC_IMPLICIT_RETAIN_SELF = YES;
				CLANG_WARN_OBJC_LITERAL_CONVERSION = YES;
				CLANG_WARN_OBJC_ROOT_CLASS = YES_ERROR;
				CLANG_WARN_RANGE_LOOP_ANALYSIS = YES;
				CLANG_WARN_STRICT_PROTOTYPES = YES;
				CLANG_WARN_SUSPICIOUS_MOVE = YES;
				CLANG_WARN_UNGUARDED_AVAILABILITY = YES_AGGRESSIVE;
				CLANG_WARN_UNREACHABLE_CODE = YES;
				CLANG_WARN__DUPLICATE_METHOD_MATCH = YES;
				CODE_SIGN_IDENTITY = "iPhone Developer";
				COPY_PHASE_STRIP = NO;
				DEBUG_INFORMATION_FORMAT = dwarf;
				ENABLE_STRICT_OBJC_MSGSEND = YES;
				ENABLE_TESTABILITY = YES;
				GCC_C_LANGUAGE_STANDARD = gnu11;
				GCC_DYNAMIC_NO_PIC = NO;
				GCC_NO_COMMON_BLOCKS = YES;
				GCC_OPTIMIZATION_LEVEL = 0;
				GCC_PREPROCESSOR_DEFINITIONS = (
					"DEBUG=1",
					"$(inherited)",
				);
				GCC_WARN_64_TO_32_BIT_CONVERSION = YES;
				GCC_WARN_ABOUT_RETURN_TYPE = YES_ERROR;
				GCC_WARN_UNDECLARED_SELECTOR = YES;
				GCC_WARN_UNINITIALIZED_AUTOS = YES_AGGRESSIVE;
				GCC_WARN_UNUSED_FUNCTION = YES;
				GCC_WARN_UNUSED_VARIABLE = YES;
				IPHONEOS_DEPLOYMENT_TARGET = 12.1;
				MTL_ENABLE_DEBUG_INFO = INCLUDE_SOURCE;
				MTL_FAST_MATH = YES;
				ONLY_ACTIVE_ARCH = YES;
				SDKROOT = iphoneos;
				SWIFT_ACTIVE_COMPILATION_CONDITIONS = DEBUG;
				SWIFT_OPTIMIZATION_LEVEL = "-Onone";
			};
			name = Debug;
		};
		D11A4F1D219167E400286879 /* Release */ = {
			isa = XCBuildConfiguration;
			buildSettings = {
				ALWAYS_SEARCH_USER_PATHS = NO;
				CLANG_ANALYZER_NONNULL = YES;
				CLANG_ANALYZER_NUMBER_OBJECT_CONVERSION = YES_AGGRESSIVE;
				CLANG_CXX_LANGUAGE_STANDARD = "gnu++14";
				CLANG_CXX_LIBRARY = "libc++";
				CLANG_ENABLE_MODULES = YES;
				CLANG_ENABLE_OBJC_ARC = YES;
				CLANG_ENABLE_OBJC_WEAK = YES;
				CLANG_WARN_BLOCK_CAPTURE_AUTORELEASING = YES;
				CLANG_WARN_BOOL_CONVERSION = YES;
				CLANG_WARN_COMMA = YES;
				CLANG_WARN_CONSTANT_CONVERSION = YES;
				CLANG_WARN_DEPRECATED_OBJC_IMPLEMENTATIONS = YES;
				CLANG_WARN_DIRECT_OBJC_ISA_USAGE = YES_ERROR;
				CLANG_WARN_DOCUMENTATION_COMMENTS = YES;
				CLANG_WARN_EMPTY_BODY = YES;
				CLANG_WARN_ENUM_CONVERSION = YES;
				CLANG_WARN_INFINITE_RECURSION = YES;
				CLANG_WARN_INT_CONVERSION = YES;
				CLANG_WARN_NON_LITERAL_NULL_CONVERSION = YES;
				CLANG_WARN_OBJC_IMPLICIT_RETAIN_SELF = YES;
				CLANG_WARN_OBJC_LITERAL_CONVERSION = YES;
				CLANG_WARN_OBJC_ROOT_CLASS = YES_ERROR;
				CLANG_WARN_RANGE_LOOP_ANALYSIS = YES;
				CLANG_WARN_STRICT_PROTOTYPES = YES;
				CLANG_WARN_SUSPICIOUS_MOVE = YES;
				CLANG_WARN_UNGUARDED_AVAILABILITY = YES_AGGRESSIVE;
				CLANG_WARN_UNREACHABLE_CODE = YES;
				CLANG_WARN__DUPLICATE_METHOD_MATCH = YES;
				CODE_SIGN_IDENTITY = "iPhone Developer";
				COPY_PHASE_STRIP = NO;
				DEBUG_INFORMATION_FORMAT = "dwarf-with-dsym";
				ENABLE_NS_ASSERTIONS = NO;
				ENABLE_STRICT_OBJC_MSGSEND = YES;
				GCC_C_LANGUAGE_STANDARD = gnu11;
				GCC_NO_COMMON_BLOCKS = YES;
				GCC_WARN_64_TO_32_BIT_CONVERSION = YES;
				GCC_WARN_ABOUT_RETURN_TYPE = YES_ERROR;
				GCC_WARN_UNDECLARED_SELECTOR = YES;
				GCC_WARN_UNINITIALIZED_AUTOS = YES_AGGRESSIVE;
				GCC_WARN_UNUSED_FUNCTION = YES;
				GCC_WARN_UNUSED_VARIABLE = YES;
				IPHONEOS_DEPLOYMENT_TARGET = 12.1;
				MTL_ENABLE_DEBUG_INFO = NO;
				MTL_FAST_MATH = YES;
				SDKROOT = iphoneos;
				SWIFT_COMPILATION_MODE = wholemodule;
				SWIFT_OPTIMIZATION_LEVEL = "-O";
				VALIDATE_PRODUCT = YES;
			};
			name = Release;
		};
		D11A4F1F219167E400286879 /* Debug */ = {
			isa = XCBuildConfiguration;
			buildSettings = {
				ASSETCATALOG_COMPILER_APPICON_NAME = AppIcon;
				CODE_SIGN_STYLE = Automatic;
				INFOPLIST_FILE = BetterWeather/Info.plist;
				LD_RUNPATH_SEARCH_PATHS = (
					"$(inherited)",
					"@executable_path/Frameworks",
				);
				PRODUCT_BUNDLE_IDENTIFIER = FAAG.BetterWeather;
				PRODUCT_NAME = "$(TARGET_NAME)";
				SWIFT_VERSION = 4.2;
				TARGETED_DEVICE_FAMILY = "1,2";
			};
			name = Debug;
		};
		D11A4F20219167E400286879 /* Release */ = {
			isa = XCBuildConfiguration;
			buildSettings = {
				ASSETCATALOG_COMPILER_APPICON_NAME = AppIcon;
				CODE_SIGN_STYLE = Automatic;
				INFOPLIST_FILE = BetterWeather/Info.plist;
				LD_RUNPATH_SEARCH_PATHS = (
					"$(inherited)",
					"@executable_path/Frameworks",
				);
				PRODUCT_BUNDLE_IDENTIFIER = FAAG.BetterWeather;
				PRODUCT_NAME = "$(TARGET_NAME)";
				SWIFT_VERSION = 4.2;
				TARGETED_DEVICE_FAMILY = "1,2";
			};
			name = Release;
		};
/* End XCBuildConfiguration section */

/* Begin XCConfigurationList section */
		D11A4F07219167E300286879 /* Build configuration list for PBXProject "BetterWeather" */ = {
			isa = XCConfigurationList;
			buildConfigurations = (
				D11A4F1C219167E400286879 /* Debug */,
				D11A4F1D219167E400286879 /* Release */,
			);
			defaultConfigurationIsVisible = 0;
			defaultConfigurationName = Release;
		};
		D11A4F1E219167E400286879 /* Build configuration list for PBXNativeTarget "BetterWeather" */ = {
			isa = XCConfigurationList;
			buildConfigurations = (
				D11A4F1F219167E400286879 /* Debug */,
				D11A4F20219167E400286879 /* Release */,
			);
			defaultConfigurationIsVisible = 0;
			defaultConfigurationName = Release;
		};
/* End XCConfigurationList section */
	};
	rootObject = D11A4F04219167E300286879 /* Project object */;
}
